
Microsoft Visual Studio Solution File, Format Version 12.00
# Visual Studio Version 16
VisualStudioVersion = 16.0.31424.327
MinimumVisualStudioVersion = 10.0.40219.1
Project("{FAE04EC0-301F-11D3-BF4B-00C04F79EFBC}") = "movieApp.Android", "movieApp\movieApp.Android\movieApp.Android.csproj", "{AC1EE630-A9AD-4D41-9F60-7FCACA0BFA65}"
EndProject
Project("{FAE04EC0-301F-11D3-BF4B-00C04F79EFBC}") = "movieApp.iOS", "movieApp\movieApp.iOS\movieApp.iOS.csproj", "{BE6CC3AA-C1C9-4CD7-B4D4-242845623452}"
EndProject
Project("{9A19103F-16F7-4668-BE54-9A1E7A4F7556}") = "movieApp", "movieApp\movieApp\movieApp.csproj", "{65C63031-B33B-487D-B0B7-D0903E53FDAE}"
EndProject
Project("{FAE04EC0-301F-11D3-BF4B-00C04F79EFBC}") = "TestApp.Android", "TestApp\TestApp.Android\TestApp.Android.csproj", "{8FF46AB8-C73C-4F68-AC85-65F658CB2884}"
EndProject
Project("{FAE04EC0-301F-11D3-BF4B-00C04F79EFBC}") = "TestApp.iOS", "TestApp\TestApp.iOS\TestApp.iOS.csproj", "{C945EBC3-94F7-45C1-97F0-5E30F17647E1}"
EndProject
Project("{FAE04EC0-301F-11D3-BF4B-00C04F79EFBC}") = "TestApp", "TestApp\TestApp\TestApp.csproj", "{FCB0D643-5677-46A1-9CCC-36B236E61EDB}"
EndProject
Global
	GlobalSection(SolutionConfigurationPlatforms) = preSolution
		Debug|Any CPU = Debug|Any CPU
		Debug|iPhone = Debug|iPhone
		Debug|iPhoneSimulator = Debug|iPhoneSimulator
		Release|Any CPU = Release|Any CPU
		Release|iPhone = Release|iPhone
		Release|iPhoneSimulator = Release|iPhoneSimulator
	EndGlobalSection
	GlobalSection(ProjectConfigurationPlatforms) = postSolution
		{AC1EE630-A9AD-4D41-9F60-7FCACA0BFA65}.Debug|Any CPU.ActiveCfg = Debug|Any CPU
		{AC1EE630-A9AD-4D41-9F60-7FCACA0BFA65}.Debug|Any CPU.Build.0 = Debug|Any CPU
		{AC1EE630-A9AD-4D41-9F60-7FCACA0BFA65}.Debug|Any CPU.Deploy.0 = Debug|Any CPU
		{AC1EE630-A9AD-4D41-9F60-7FCACA0BFA65}.Debug|iPhone.ActiveCfg = Debug|Any CPU
		{AC1EE630-A9AD-4D41-9F60-7FCACA0BFA65}.Debug|iPhone.Build.0 = Debug|Any CPU
		{AC1EE630-A9AD-4D41-9F60-7FCACA0BFA65}.Debug|iPhone.Deploy.0 = Debug|Any CPU
		{AC1EE630-A9AD-4D41-9F60-7FCACA0BFA65}.Debug|iPhoneSimulator.ActiveCfg = Debug|Any CPU
		{AC1EE630-A9AD-4D41-9F60-7FCACA0BFA65}.Debug|iPhoneSimulator.Build.0 = Debug|Any CPU
		{AC1EE630-A9AD-4D41-9F60-7FCACA0BFA65}.Debug|iPhoneSimulator.Deploy.0 = Debug|Any CPU
		{AC1EE630-A9AD-4D41-9F60-7FCACA0BFA65}.Release|Any CPU.ActiveCfg = Release|Any CPU
		{AC1EE630-A9AD-4D41-9F60-7FCACA0BFA65}.Release|Any CPU.Build.0 = Release|Any CPU
		{AC1EE630-A9AD-4D41-9F60-7FCACA0BFA65}.Release|Any CPU.Deploy.0 = Release|Any CPU
		{AC1EE630-A9AD-4D41-9F60-7FCACA0BFA65}.Release|iPhone.ActiveCfg = Release|Any CPU
		{AC1EE630-A9AD-4D41-9F60-7FCACA0BFA65}.Release|iPhone.Build.0 = Release|Any CPU
		{AC1EE630-A9AD-4D41-9F60-7FCACA0BFA65}.Release|iPhone.Deploy.0 = Release|Any CPU
		{AC1EE630-A9AD-4D41-9F60-7FCACA0BFA65}.Release|iPhoneSimulator.ActiveCfg = Release|Any CPU
		{AC1EE630-A9AD-4D41-9F60-7FCACA0BFA65}.Release|iPhoneSimulator.Build.0 = Release|Any CPU
		{AC1EE630-A9AD-4D41-9F60-7FCACA0BFA65}.Release|iPhoneSimulator.Deploy.0 = Release|Any CPU
		{BE6CC3AA-C1C9-4CD7-B4D4-242845623452}.Debug|Any CPU.ActiveCfg = Debug|iPhone
		{BE6CC3AA-C1C9-4CD7-B4D4-242845623452}.Debug|Any CPU.Build.0 = Debug|iPhone
		{BE6CC3AA-C1C9-4CD7-B4D4-242845623452}.Debug|Any CPU.Deploy.0 = Debug|iPhone
		{BE6CC3AA-C1C9-4CD7-B4D4-242845623452}.Debug|iPhone.ActiveCfg = Debug|iPhone
		{BE6CC3AA-C1C9-4CD7-B4D4-242845623452}.Debug|iPhone.Build.0 = Debug|iPhone
		{BE6CC3AA-C1C9-4CD7-B4D4-242845623452}.Debug|iPhone.Deploy.0 = Debug|iPhone
		{BE6CC3AA-C1C9-4CD7-B4D4-242845623452}.Debug|iPhoneSimulator.ActiveCfg = Debug|iPhoneSimulator
		{BE6CC3AA-C1C9-4CD7-B4D4-242845623452}.Debug|iPhoneSimulator.Build.0 = Debug|iPhoneSimulator
		{BE6CC3AA-C1C9-4CD7-B4D4-242845623452}.Debug|iPhoneSimulator.Deploy.0 = Debug|iPhoneSimulator
		{BE6CC3AA-C1C9-4CD7-B4D4-242845623452}.Release|Any CPU.ActiveCfg = Release|iPhoneSimulator
		{BE6CC3AA-C1C9-4CD7-B4D4-242845623452}.Release|Any CPU.Build.0 = Release|iPhoneSimulator
		{BE6CC3AA-C1C9-4CD7-B4D4-242845623452}.Release|Any CPU.Deploy.0 = Release|iPhoneSimulator
		{BE6CC3AA-C1C9-4CD7-B4D4-242845623452}.Release|iPhone.ActiveCfg = Release|iPhone
		{BE6CC3AA-C1C9-4CD7-B4D4-242845623452}.Release|iPhone.Build.0 = Release|iPhone
		{BE6CC3AA-C1C9-4CD7-B4D4-242845623452}.Release|iPhone.Deploy.0 = Release|iPhone
		{BE6CC3AA-C1C9-4CD7-B4D4-242845623452}.Release|iPhoneSimulator.ActiveCfg = Release|iPhoneSimulator
		{BE6CC3AA-C1C9-4CD7-B4D4-242845623452}.Release|iPhoneSimulator.Build.0 = Release|iPhoneSimulator
		{BE6CC3AA-C1C9-4CD7-B4D4-242845623452}.Release|iPhoneSimulator.Deploy.0 = Release|iPhoneSimulator
		{65C63031-B33B-487D-B0B7-D0903E53FDAE}.Debug|Any CPU.ActiveCfg = Debug|Any CPU
		{65C63031-B33B-487D-B0B7-D0903E53FDAE}.Debug|Any CPU.Build.0 = Debug|Any CPU
		{65C63031-B33B-487D-B0B7-D0903E53FDAE}.Debug|Any CPU.Deploy.0 = Debug|Any CPU
		{65C63031-B33B-487D-B0B7-D0903E53FDAE}.Debug|iPhone.ActiveCfg = Debug|Any CPU
		{65C63031-B33B-487D-B0B7-D0903E53FDAE}.Debug|iPhone.Build.0 = Debug|Any CPU
		{65C63031-B33B-487D-B0B7-D0903E53FDAE}.Debug|iPhone.Deploy.0 = Debug|Any CPU
		{65C63031-B33B-487D-B0B7-D0903E53FDAE}.Debug|iPhoneSimulator.ActiveCfg = Debug|Any CPU
		{65C63031-B33B-487D-B0B7-D0903E53FDAE}.Debug|iPhoneSimulator.Build.0 = Debug|Any CPU
		{65C63031-B33B-487D-B0B7-D0903E53FDAE}.Debug|iPhoneSimulator.Deploy.0 = Debug|Any CPU
		{65C63031-B33B-487D-B0B7-D0903E53FDAE}.Release|Any CPU.ActiveCfg = Release|Any CPU
		{65C63031-B33B-487D-B0B7-D0903E53FDAE}.Release|Any CPU.Build.0 = Release|Any CPU
		{65C63031-B33B-487D-B0B7-D0903E53FDAE}.Release|Any CPU.Deploy.0 = Release|Any CPU
		{65C63031-B33B-487D-B0B7-D0903E53FDAE}.Release|iPhone.ActiveCfg = Release|Any CPU
		{65C63031-B33B-487D-B0B7-D0903E53FDAE}.Release|iPhone.Build.0 = Release|Any CPU
		{65C63031-B33B-487D-B0B7-D0903E53FDAE}.Release|iPhone.Deploy.0 = Release|Any CPU
		{65C63031-B33B-487D-B0B7-D0903E53FDAE}.Release|iPhoneSimulator.ActiveCfg = Release|Any CPU
		{65C63031-B33B-487D-B0B7-D0903E53FDAE}.Release|iPhoneSimulator.Build.0 = Release|Any CPU
		{65C63031-B33B-487D-B0B7-D0903E53FDAE}.Release|iPhoneSimulator.Deploy.0 = Release|Any CPU
		{8FF46AB8-C73C-4F68-AC85-65F658CB2884}.Debug|Any CPU.ActiveCfg = Debug|Any CPU
		{8FF46AB8-C73C-4F68-AC85-65F658CB2884}.Debug|Any CPU.Build.0 = Debug|Any CPU
		{8FF46AB8-C73C-4F68-AC85-65F658CB2884}.Debug|Any CPU.Deploy.0 = Debug|Any CPU
		{8FF46AB8-C73C-4F68-AC85-65F658CB2884}.Debug|iPhone.ActiveCfg = Debug|Any CPU
		{8FF46AB8-C73C-4F68-AC85-65F658CB2884}.Debug|iPhone.Build.0 = Debug|Any CPU
		{8FF46AB8-C73C-4F68-AC85-65F658CB2884}.Debug|iPhone.Deploy.0 = Debug|Any CPU
		{8FF46AB8-C73C-4F68-AC85-65F658CB2884}.Debug|iPhoneSimulator.ActiveCfg = Debug|Any CPU
		{8FF46AB8-C73C-4F68-AC85-65F658CB2884}.Debug|iPhoneSimulator.Build.0 = Debug|Any CPU
		{8FF46AB8-C73C-4F68-AC85-65F658CB2884}.Debug|iPhoneSimulator.Deploy.0 = Debug|Any CPU
		{8FF46AB8-C73C-4F68-AC85-65F658CB2884}.Release|Any CPU.ActiveCfg = Release|Any CPU
		{8FF46AB8-C73C-4F68-AC85-65F658CB2884}.Release|Any CPU.Build.0 = Release|Any CPU
		{8FF46AB8-C73C-4F68-AC85-65F658CB2884}.Release|Any CPU.Deploy.0 = Release|Any CPU
		{8FF46AB8-C73C-4F68-AC85-65F658CB2884}.Release|iPhone.ActiveCfg = Release|Any CPU
		{8FF46AB8-C73C-4F68-AC85-65F658CB2884}.Release|iPhone.Build.0 = Release|Any CPU
		{8FF46AB8-C73C-4F68-AC85-65F658CB2884}.Release|iPhone.Deploy.0 = Release|Any CPU
		{8FF46AB8-C73C-4F68-AC85-65F658CB2884}.Release|iPhoneSimulator.ActiveCfg = Release|Any CPU
		{8FF46AB8-C73C-4F68-AC85-65F658CB2884}.Release|iPhoneSimulator.Build.0 = Release|Any CPU
		{8FF46AB8-C73C-4F68-AC85-65F658CB2884}.Release|iPhoneSimulator.Deploy.0 = Release|Any CPU
		{C945EBC3-94F7-45C1-97F0-5E30F17647E1}.Debug|Any CPU.ActiveCfg = Debug|iPhoneSimulator
		{C945EBC3-94F7-45C1-97F0-5E30F17647E1}.Debug|iPhone.ActiveCfg = Debug|iPhone
		{C945EBC3-94F7-45C1-97F0-5E30F17647E1}.Debug|iPhone.Build.0 = Debug|iPhone
		{C945EBC3-94F7-45C1-97F0-5E30F17647E1}.Debug|iPhoneSimulator.ActiveCfg = Debug|iPhoneSimulator
		{C945EBC3-94F7-45C1-97F0-5E30F17647E1}.Debug|iPhoneSimulator.Build.0 = Debug|iPhoneSimulator
		{C945EBC3-94F7-45C1-97F0-5E30F17647E1}.Release|Any CPU.ActiveCfg = Release|iPhoneSimulator
		{C945EBC3-94F7-45C1-97F0-5E30F17647E1}.Release|iPhone.ActiveCfg = Release|iPhone
		{C945EBC3-94F7-45C1-97F0-5E30F17647E1}.Release|iPhone.Build.0 = Release|iPhone
		{C945EBC3-94F7-45C1-97F0-5E30F17647E1}.Release|iPhoneSimulator.ActiveCfg = Release|iPhoneSimulator
		{C945EBC3-94F7-45C1-97F0-5E30F17647E1}.Release|iPhoneSimulator.Build.0 = Release|iPhoneSimulator
		{FCB0D643-5677-46A1-9CCC-36B236E61EDB}.Debug|Any CPU.ActiveCfg = Debug|Any CPU
		{FCB0D643-5677-46A1-9CCC-36B236E61EDB}.Debug|Any CPU.Build.0 = Debug|Any CPU
		{FCB0D643-5677-46A1-9CCC-36B236E61EDB}.Debug|iPhone.ActiveCfg = Debug|Any CPU
		{FCB0D643-5677-46A1-9CCC-36B236E61EDB}.Debug|iPhone.Build.0 = Debug|Any CPU
		{FCB0D643-5677-46A1-9CCC-36B236E61EDB}.Debug|iPhoneSimulator.ActiveCfg = Debug|Any CPU
		{FCB0D643-5677-46A1-9CCC-36B236E61EDB}.Debug|iPhoneSimulator.Build.0 = Debug|Any CPU
		{FCB0D643-5677-46A1-9CCC-36B236E61EDB}.Release|Any CPU.ActiveCfg = Release|Any CPU
		{FCB0D643-5677-46A1-9CCC-36B236E61EDB}.Release|Any CPU.Build.0 = Release|Any CPU
		{FCB0D643-5677-46A1-9CCC-36B236E61EDB}.Release|iPhone.ActiveCfg = Release|Any CPU
		{FCB0D643-5677-46A1-9CCC-36B236E61EDB}.Release|iPhone.Build.0 = Release|Any CPU
		{FCB0D643-5677-46A1-9CCC-36B236E61EDB}.Release|iPhoneSimulator.ActiveCfg = Release|Any CPU
		{FCB0D643-5677-46A1-9CCC-36B236E61EDB}.Release|iPhoneSimulator.Build.0 = Release|Any CPU
	EndGlobalSection
	GlobalSection(SolutionProperties) = preSolution
		HideSolutionNode = FALSE
	EndGlobalSection
	GlobalSection(ExtensibilityGlobals) = postSolution
		SolutionGuid = {30304415-0094-42C3-A7DC-4C1C0D4F0C31}
	EndGlobalSection
EndGlobal
